
Microsoft Visual Studio Solution File, Format Version 12.00
# Visual Studio Version 16
VisualStudioVersion = 16.0.29806.167
MinimumVisualStudioVersion = 10.0.40219.1
Project("{9A19103F-16F7-4668-BE54-9A1E7A4F7556}") = "PeopleSearch", "PeopleSearch\PeopleSearch.csproj", "{B4B2FAD0-ABE3-44EB-9894-8E3570822A0B}"
EndProject
Project("{9A19103F-16F7-4668-BE54-9A1E7A4F7556}") = "PeopleSearchTests", "PeopleSearchTests\PeopleSearchTests.csproj", "{3ECD2F31-73F9-4E94-B97D-C31C9CCE329B}"
EndProject
Project("{2150E333-8FDC-42A3-9474-1A3956D46DE8}") = "PeopleSearchModule", "PeopleSearchModule", "{925CC0CC-98A7-434A-85B7-E7CB445DDBAA}"
	ProjectSection(SolutionItems) = preProject
		PeopleSearchModule\en-us\about_PeopleSearch.help.txt = PeopleSearchModule\en-us\about_PeopleSearch.help.txt
		PeopleSearchModule\Get-PSApiPerson.ps1 = PeopleSearchModule\Get-PSApiPerson.ps1
		PeopleSearchModule\New-PsApiPerson.ps1 = PeopleSearchModule\New-PsApiPerson.ps1
		PeopleSearchModule\PeopleSearch.psd1 = PeopleSearchModule\PeopleSearch.psd1
		PeopleSearchModule\PeopleSearch.psm1 = PeopleSearchModule\PeopleSearch.psm1
		PeopleSearchModule\Set-PsApiPerson.ps1 = PeopleSearchModule\Set-PsApiPerson.ps1
	EndProjectSection
EndProject
Global
	GlobalSection(SolutionConfigurationPlatforms) = preSolution
		Debug|Any CPU = Debug|Any CPU
		Release|Any CPU = Release|Any CPU
	EndGlobalSection
	GlobalSection(ProjectConfigurationPlatforms) = postSolution
		{B4B2FAD0-ABE3-44EB-9894-8E3570822A0B}.Debug|Any CPU.ActiveCfg = Debug|Any CPU
		{B4B2FAD0-ABE3-44EB-9894-8E3570822A0B}.Debug|Any CPU.Build.0 = Debug|Any CPU
		{B4B2FAD0-ABE3-44EB-9894-8E3570822A0B}.Release|Any CPU.ActiveCfg = Release|Any CPU
		{B4B2FAD0-ABE3-44EB-9894-8E3570822A0B}.Release|Any CPU.Build.0 = Release|Any CPU
		{3ECD2F31-73F9-4E94-B97D-C31C9CCE329B}.Debug|Any CPU.ActiveCfg = Debug|Any CPU
		{3ECD2F31-73F9-4E94-B97D-C31C9CCE329B}.Debug|Any CPU.Build.0 = Debug|Any CPU
		{3ECD2F31-73F9-4E94-B97D-C31C9CCE329B}.Release|Any CPU.ActiveCfg = Release|Any CPU
		{3ECD2F31-73F9-4E94-B97D-C31C9CCE329B}.Release|Any CPU.Build.0 = Release|Any CPU
	EndGlobalSection
	GlobalSection(SolutionProperties) = preSolution
		HideSolutionNode = FALSE
	EndGlobalSection
	GlobalSection(ExtensibilityGlobals) = postSolution
		SolutionGuid = {B8619E92-6CCB-40D7-A811-171689EEA522}
	EndGlobalSection
EndGlobal
